
Microsoft Visual Studio Solution File, Format Version 12.00
# Visual Studio Version 16
VisualStudioVersion = 16.0.30320.27
MinimumVisualStudioVersion = 10.0.40219.1
Project("{9A19103F-16F7-4668-BE54-9A1E7A4F7556}") = "SRM 676", "SRM 676.csproj", "{C09FEA23-F163-4C70-ACD4-F8EF23ED4895}"
EndProject
Global
	GlobalSection(SolutionConfigurationPlatforms) = preSolution
		Debug|Any CPU = Debug|Any CPU
		Release|Any CPU = Release|Any CPU
	EndGlobalSection
	GlobalSection(ProjectConfigurationPlatforms) = postSolution
		{C09FEA23-F163-4C70-ACD4-F8EF23ED4895}.Debug|Any CPU.ActiveCfg = Debug|Any CPU
		{C09FEA23-F163-4C70-ACD4-F8EF23ED4895}.Debug|Any CPU.Build.0 = Debug|Any CPU
		{C09FEA23-F163-4C70-ACD4-F8EF23ED4895}.Release|Any CPU.ActiveCfg = Release|Any CPU
		{C09FEA23-F163-4C70-ACD4-F8EF23ED4895}.Release|Any CPU.Build.0 = Release|Any CPU
	EndGlobalSection
	GlobalSection(SolutionProperties) = preSolution
		HideSolutionNode = FALSE
	EndGlobalSection
	GlobalSection(ExtensibilityGlobals) = postSolution
		SolutionGuid = {37D4E755-A3F7-4633-9FA2-CBA9A709F6B4}
	EndGlobalSection
EndGlobal
