
Microsoft Visual Studio Solution File, Format Version 12.00
# Visual Studio Version 16
VisualStudioVersion = 16.0.30114.105
MinimumVisualStudioVersion = 10.0.40219.1
Project("{9A19103F-16F7-4668-BE54-9A1E7A4F7556}") = "SRM 728", "SRM 728.csproj", "{A0B71DE3-59ED-4889-A5F0-01B63672D606}"
EndProject
Global
	GlobalSection(SolutionConfigurationPlatforms) = preSolution
		Debug|Any CPU = Debug|Any CPU
		Release|Any CPU = Release|Any CPU
	EndGlobalSection
	GlobalSection(ProjectConfigurationPlatforms) = postSolution
		{A0B71DE3-59ED-4889-A5F0-01B63672D606}.Debug|Any CPU.ActiveCfg = Debug|Any CPU
		{A0B71DE3-59ED-4889-A5F0-01B63672D606}.Debug|Any CPU.Build.0 = Debug|Any CPU
		{A0B71DE3-59ED-4889-A5F0-01B63672D606}.Release|Any CPU.ActiveCfg = Release|Any CPU
		{A0B71DE3-59ED-4889-A5F0-01B63672D606}.Release|Any CPU.Build.0 = Release|Any CPU
	EndGlobalSection
	GlobalSection(SolutionProperties) = preSolution
		HideSolutionNode = FALSE
	EndGlobalSection
	GlobalSection(ExtensibilityGlobals) = postSolution
		SolutionGuid = {8A94F59C-9DF1-4AA7-8877-2CC1C5734073}
	EndGlobalSection
EndGlobal
