
Microsoft Visual Studio Solution File, Format Version 12.00
# Visual Studio Version 16
VisualStudioVersion = 16.0.30114.105
MinimumVisualStudioVersion = 10.0.40219.1
Project("{9A19103F-16F7-4668-BE54-9A1E7A4F7556}") = "SRM 667", "SRM 667.csproj", "{8F79DD37-B06A-45CD-8255-A99CDF49DA7F}"
EndProject
Global
	GlobalSection(SolutionConfigurationPlatforms) = preSolution
		Debug|Any CPU = Debug|Any CPU
		Release|Any CPU = Release|Any CPU
	EndGlobalSection
	GlobalSection(ProjectConfigurationPlatforms) = postSolution
		{8F79DD37-B06A-45CD-8255-A99CDF49DA7F}.Debug|Any CPU.ActiveCfg = Debug|Any CPU
		{8F79DD37-B06A-45CD-8255-A99CDF49DA7F}.Debug|Any CPU.Build.0 = Debug|Any CPU
		{8F79DD37-B06A-45CD-8255-A99CDF49DA7F}.Release|Any CPU.ActiveCfg = Release|Any CPU
		{8F79DD37-B06A-45CD-8255-A99CDF49DA7F}.Release|Any CPU.Build.0 = Release|Any CPU
	EndGlobalSection
	GlobalSection(SolutionProperties) = preSolution
		HideSolutionNode = FALSE
	EndGlobalSection
	GlobalSection(ExtensibilityGlobals) = postSolution
		SolutionGuid = {F1FE14EC-521E-4546-8B3A-7D0F21CCF2B6}
	EndGlobalSection
EndGlobal
