
Microsoft Visual Studio Solution File, Format Version 12.00
# Visual Studio Version 16
VisualStudioVersion = 16.0.30320.27
MinimumVisualStudioVersion = 10.0.40219.1
Project("{9A19103F-16F7-4668-BE54-9A1E7A4F7556}") = "SRM 755", "SRM 755.csproj", "{67650B4B-F975-4EEB-8252-1194622ACAD5}"
EndProject
Global
	GlobalSection(SolutionConfigurationPlatforms) = preSolution
		Debug|Any CPU = Debug|Any CPU
		Release|Any CPU = Release|Any CPU
	EndGlobalSection
	GlobalSection(ProjectConfigurationPlatforms) = postSolution
		{67650B4B-F975-4EEB-8252-1194622ACAD5}.Debug|Any CPU.ActiveCfg = Debug|Any CPU
		{67650B4B-F975-4EEB-8252-1194622ACAD5}.Debug|Any CPU.Build.0 = Debug|Any CPU
		{67650B4B-F975-4EEB-8252-1194622ACAD5}.Release|Any CPU.ActiveCfg = Release|Any CPU
		{67650B4B-F975-4EEB-8252-1194622ACAD5}.Release|Any CPU.Build.0 = Release|Any CPU
	EndGlobalSection
	GlobalSection(SolutionProperties) = preSolution
		HideSolutionNode = FALSE
	EndGlobalSection
	GlobalSection(ExtensibilityGlobals) = postSolution
		SolutionGuid = {4A6D250C-CA36-4CC4-866D-5F7E21678C2F}
	EndGlobalSection
EndGlobal
