
Microsoft Visual Studio Solution File, Format Version 12.00
# Visual Studio Version 16
VisualStudioVersion = 16.0.30114.105
MinimumVisualStudioVersion = 10.0.40219.1
Project("{9A19103F-16F7-4668-BE54-9A1E7A4F7556}") = "2020 TCO Algo", "2020 TCO Algo.csproj", "{3D406110-589F-4835-97FC-B59D967BE902}"
EndProject
Global
	GlobalSection(SolutionConfigurationPlatforms) = preSolution
		Debug|Any CPU = Debug|Any CPU
		Release|Any CPU = Release|Any CPU
	EndGlobalSection
	GlobalSection(ProjectConfigurationPlatforms) = postSolution
		{3D406110-589F-4835-97FC-B59D967BE902}.Debug|Any CPU.ActiveCfg = Debug|Any CPU
		{3D406110-589F-4835-97FC-B59D967BE902}.Debug|Any CPU.Build.0 = Debug|Any CPU
		{3D406110-589F-4835-97FC-B59D967BE902}.Release|Any CPU.ActiveCfg = Release|Any CPU
		{3D406110-589F-4835-97FC-B59D967BE902}.Release|Any CPU.Build.0 = Release|Any CPU
	EndGlobalSection
	GlobalSection(SolutionProperties) = preSolution
		HideSolutionNode = FALSE
	EndGlobalSection
	GlobalSection(ExtensibilityGlobals) = postSolution
		SolutionGuid = {A9A96FC8-29A2-4190-BA25-2C9C8D885D00}
	EndGlobalSection
EndGlobal
