
Microsoft Visual Studio Solution File, Format Version 12.00
# Visual Studio Version 16
VisualStudioVersion = 16.0.30114.105
MinimumVisualStudioVersion = 10.0.40219.1
Project("{9A19103F-16F7-4668-BE54-9A1E7A4F7556}") = "SRM 698", "SRM 698.csproj", "{29165DF2-3384-4BD5-9C3B-FADFD9BDEC14}"
EndProject
Global
	GlobalSection(SolutionConfigurationPlatforms) = preSolution
		Debug|Any CPU = Debug|Any CPU
		Release|Any CPU = Release|Any CPU
	EndGlobalSection
	GlobalSection(ProjectConfigurationPlatforms) = postSolution
		{29165DF2-3384-4BD5-9C3B-FADFD9BDEC14}.Debug|Any CPU.ActiveCfg = Debug|Any CPU
		{29165DF2-3384-4BD5-9C3B-FADFD9BDEC14}.Debug|Any CPU.Build.0 = Debug|Any CPU
		{29165DF2-3384-4BD5-9C3B-FADFD9BDEC14}.Release|Any CPU.ActiveCfg = Release|Any CPU
		{29165DF2-3384-4BD5-9C3B-FADFD9BDEC14}.Release|Any CPU.Build.0 = Release|Any CPU
	EndGlobalSection
	GlobalSection(SolutionProperties) = preSolution
		HideSolutionNode = FALSE
	EndGlobalSection
	GlobalSection(ExtensibilityGlobals) = postSolution
		SolutionGuid = {5CA6F7C5-FBB5-4EE8-83B0-03CB25AE4A36}
	EndGlobalSection
EndGlobal
