
Microsoft Visual Studio Solution File, Format Version 12.00
# Visual Studio Version 16
VisualStudioVersion = 16.0.30320.27
MinimumVisualStudioVersion = 10.0.40219.1
Project("{9A19103F-16F7-4668-BE54-9A1E7A4F7556}") = "SRM 735", "SRM 735.csproj", "{FDCCF2B2-9A13-435E-8969-99A2BCBAD6BC}"
EndProject
Global
	GlobalSection(SolutionConfigurationPlatforms) = preSolution
		Debug|Any CPU = Debug|Any CPU
		Release|Any CPU = Release|Any CPU
	EndGlobalSection
	GlobalSection(ProjectConfigurationPlatforms) = postSolution
		{FDCCF2B2-9A13-435E-8969-99A2BCBAD6BC}.Debug|Any CPU.ActiveCfg = Debug|Any CPU
		{FDCCF2B2-9A13-435E-8969-99A2BCBAD6BC}.Debug|Any CPU.Build.0 = Debug|Any CPU
		{FDCCF2B2-9A13-435E-8969-99A2BCBAD6BC}.Release|Any CPU.ActiveCfg = Release|Any CPU
		{FDCCF2B2-9A13-435E-8969-99A2BCBAD6BC}.Release|Any CPU.Build.0 = Release|Any CPU
	EndGlobalSection
	GlobalSection(SolutionProperties) = preSolution
		HideSolutionNode = FALSE
	EndGlobalSection
	GlobalSection(ExtensibilityGlobals) = postSolution
		SolutionGuid = {1BD04467-48CA-482B-B21E-A597315065D7}
	EndGlobalSection
EndGlobal
