
Microsoft Visual Studio Solution File, Format Version 12.00
# Visual Studio Version 16
VisualStudioVersion = 16.0.30114.105
MinimumVisualStudioVersion = 10.0.40219.1
Project("{9A19103F-16F7-4668-BE54-9A1E7A4F7556}") = "SRM 657", "SRM 657.csproj", "{68B6A69B-9437-4CCB-941A-56C4783718B8}"
EndProject
Global
	GlobalSection(SolutionConfigurationPlatforms) = preSolution
		Debug|Any CPU = Debug|Any CPU
		Release|Any CPU = Release|Any CPU
	EndGlobalSection
	GlobalSection(ProjectConfigurationPlatforms) = postSolution
		{68B6A69B-9437-4CCB-941A-56C4783718B8}.Debug|Any CPU.ActiveCfg = Debug|Any CPU
		{68B6A69B-9437-4CCB-941A-56C4783718B8}.Debug|Any CPU.Build.0 = Debug|Any CPU
		{68B6A69B-9437-4CCB-941A-56C4783718B8}.Release|Any CPU.ActiveCfg = Release|Any CPU
		{68B6A69B-9437-4CCB-941A-56C4783718B8}.Release|Any CPU.Build.0 = Release|Any CPU
	EndGlobalSection
	GlobalSection(SolutionProperties) = preSolution
		HideSolutionNode = FALSE
	EndGlobalSection
	GlobalSection(ExtensibilityGlobals) = postSolution
		SolutionGuid = {336EFE9E-7A44-43F8-B21B-108FE9E224DB}
	EndGlobalSection
EndGlobal
